
Microsoft Visual Studio Solution File, Format Version 12.00
# Visual Studio Version 16
VisualStudioVersion = 16.0.31410.357
MinimumVisualStudioVersion = 10.0.40219.1
Project("{8BC9CEB8-8B4A-11D0-8D11-00A0C91BC942}") = "copy_file3", "copy_file3.vcxproj", "{03478D8B-6684-465F-9A47-00A8B287BE86}"
EndProject
Global
	GlobalSection(SolutionConfigurationPlatforms) = preSolution
		Debug|x64 = Debug|x64
		Debug|x86 = Debug|x86
		Release|x64 = Release|x64
		Release|x86 = Release|x86
	EndGlobalSection
	GlobalSection(ProjectConfigurationPlatforms) = postSolution
		{03478D8B-6684-465F-9A47-00A8B287BE86}.Debug|x64.ActiveCfg = Debug|x64
		{03478D8B-6684-465F-9A47-00A8B287BE86}.Debug|x64.Build.0 = Debug|x64
		{03478D8B-6684-465F-9A47-00A8B287BE86}.Debug|x86.ActiveCfg = Debug|Win32
		{03478D8B-6684-465F-9A47-00A8B287BE86}.Debug|x86.Build.0 = Debug|Win32
		{03478D8B-6684-465F-9A47-00A8B287BE86}.Release|x64.ActiveCfg = Release|x64
		{03478D8B-6684-465F-9A47-00A8B287BE86}.Release|x64.Build.0 = Release|x64
		{03478D8B-6684-465F-9A47-00A8B287BE86}.Release|x86.ActiveCfg = Release|Win32
		{03478D8B-6684-465F-9A47-00A8B287BE86}.Release|x86.Build.0 = Release|Win32
	EndGlobalSection
	GlobalSection(SolutionProperties) = preSolution
		HideSolutionNode = FALSE
	EndGlobalSection
	GlobalSection(ExtensibilityGlobals) = postSolution
		SolutionGuid = {CB23AAD7-17AC-4BA9-A37A-88F7618115C5}
	EndGlobalSection
EndGlobal
