
Microsoft Visual Studio Solution File, Format Version 12.00
# Visual Studio Version 16
VisualStudioVersion = 16.0.31410.357
MinimumVisualStudioVersion = 10.0.40219.1
Project("{8BC9CEB8-8B4A-11D0-8D11-00A0C91BC942}") = "position", "position.vcxproj", "{0D6C5F14-5C6E-4B05-8A17-BFF3E6291FE3}"
EndProject
Global
	GlobalSection(SolutionConfigurationPlatforms) = preSolution
		Debug|x64 = Debug|x64
		Debug|x86 = Debug|x86
		Release|x64 = Release|x64
		Release|x86 = Release|x86
	EndGlobalSection
	GlobalSection(ProjectConfigurationPlatforms) = postSolution
		{0D6C5F14-5C6E-4B05-8A17-BFF3E6291FE3}.Debug|x64.ActiveCfg = Debug|x64
		{0D6C5F14-5C6E-4B05-8A17-BFF3E6291FE3}.Debug|x64.Build.0 = Debug|x64
		{0D6C5F14-5C6E-4B05-8A17-BFF3E6291FE3}.Debug|x86.ActiveCfg = Debug|Win32
		{0D6C5F14-5C6E-4B05-8A17-BFF3E6291FE3}.Debug|x86.Build.0 = Debug|Win32
		{0D6C5F14-5C6E-4B05-8A17-BFF3E6291FE3}.Release|x64.ActiveCfg = Release|x64
		{0D6C5F14-5C6E-4B05-8A17-BFF3E6291FE3}.Release|x64.Build.0 = Release|x64
		{0D6C5F14-5C6E-4B05-8A17-BFF3E6291FE3}.Release|x86.ActiveCfg = Release|Win32
		{0D6C5F14-5C6E-4B05-8A17-BFF3E6291FE3}.Release|x86.Build.0 = Release|Win32
	EndGlobalSection
	GlobalSection(SolutionProperties) = preSolution
		HideSolutionNode = FALSE
	EndGlobalSection
	GlobalSection(ExtensibilityGlobals) = postSolution
		SolutionGuid = {412EBA68-8220-4B1C-96EC-BD3C69ACB0A9}
	EndGlobalSection
EndGlobal
